// !$*UTF8*$!
{
	archiveVersion = 1;
	classes = {
	};
	objectVersion = 50;
	objects = {

/* Begin PBXBuildFile section */
		831224A3233B43640028EF14 /* AppDelegate.swift in Sources */ = {isa = PBXBuildFile; fileRef = 831224A2233B43640028EF14 /* AppDelegate.swift */; };
		831224A7233B43640028EF14 /* ViewController.swift in Sources */ = {isa = PBXBuildFile; fileRef = 831224A6233B43640028EF14 /* ViewController.swift */; };
		831224AA233B43640028EF14 /* Main.storyboard in Resources */ = {isa = PBXBuildFile; fileRef = 831224A8233B43640028EF14 /* Main.storyboard */; };
		831224AC233B43650028EF14 /* Assets.xcassets in Resources */ = {isa = PBXBuildFile; fileRef = 831224AB233B43650028EF14 /* Assets.xcassets */; };
		831224AF233B43650028EF14 /* LaunchScreen.storyboard in Resources */ = {isa = PBXBuildFile; fileRef = 831224AD233B43650028EF14 /* LaunchScreen.storyboard */; };
		831224B7233B46240028EF14 /* LightContentNavigationController.swift in Sources */ = {isa = PBXBuildFile; fileRef = 831224B6233B46240028EF14 /* LightContentNavigationController.swift */; };
		831224BA233B49070028EF14 /* Intercom.framework in Frameworks */ = {isa = PBXBuildFile; fileRef = 831224B9233B49070028EF14 /* Intercom.framework */; };
		831224BB233B49070028EF14 /* Intercom.framework in Embed Frameworks */ = {isa = PBXBuildFile; fileRef = 831224B9233B49070028EF14 /* Intercom.framework */; settings = {ATTRIBUTES = (CodeSignOnCopy, RemoveHeadersOnCopy, ); }; };
		831224BF233B49450028EF14 /* ViewController.swift in Sources */ = {isa = PBXBuildFile; fileRef = 831224A6233B43640028EF14 /* ViewController.swift */; };
		831224C0233B49450028EF14 /* LightContentNavigationController.swift in Sources */ = {isa = PBXBuildFile; fileRef = 831224B6233B46240028EF14 /* LightContentNavigationController.swift */; };
		831224C1233B49450028EF14 /* AppDelegate.swift in Sources */ = {isa = PBXBuildFile; fileRef = 831224A2233B43640028EF14 /* AppDelegate.swift */; };
		831224C5233B49450028EF14 /* LaunchScreen.storyboard in Resources */ = {isa = PBXBuildFile; fileRef = 831224AD233B43650028EF14 /* LaunchScreen.storyboard */; };
		831224C6233B49450028EF14 /* Assets.xcassets in Resources */ = {isa = PBXBuildFile; fileRef = 831224AB233B43650028EF14 /* Assets.xcassets */; };
		831224C7233B49450028EF14 /* Main.storyboard in Resources */ = {isa = PBXBuildFile; fileRef = 831224A8233B43640028EF14 /* Main.storyboard */; };
/* End PBXBuildFile section */

/* Begin PBXCopyFilesBuildPhase section */
		831224BC233B49070028EF14 /* Embed Frameworks */ = {
			isa = PBXCopyFilesBuildPhase;
			buildActionMask = 2147483647;
			dstPath = "";
			dstSubfolderSpec = 10;
			files = (
				831224BB233B49070028EF14 /* Intercom.framework in Embed Frameworks */,
			);
			name = "Embed Frameworks";
			runOnlyForDeploymentPostprocessing = 0;
		};
/* End PBXCopyFilesBuildPhase section */

/* Begin PBXFileReference section */
		8312249F233B43640028EF14 /* ICBugTest with IC.app */ = {isa = PBXFileReference; explicitFileType = wrapper.application; includeInIndex = 0; path = "ICBugTest with IC.app"; sourceTree = BUILT_PRODUCTS_DIR; };
		831224A2233B43640028EF14 /* AppDelegate.swift */ = {isa = PBXFileReference; lastKnownFileType = sourcecode.swift; path = AppDelegate.swift; sourceTree = "<group>"; };
		831224A6233B43640028EF14 /* ViewController.swift */ = {isa = PBXFileReference; lastKnownFileType = sourcecode.swift; path = ViewController.swift; sourceTree = "<group>"; };
		831224A9233B43640028EF14 /* Base */ = {isa = PBXFileReference; lastKnownFileType = file.storyboard; name = Base; path = Base.lproj/Main.storyboard; sourceTree = "<group>"; };
		831224AB233B43650028EF14 /* Assets.xcassets */ = {isa = PBXFileReference; lastKnownFileType = folder.assetcatalog; path = Assets.xcassets; sourceTree = "<group>"; };
		831224AE233B43650028EF14 /* Base */ = {isa = PBXFileReference; lastKnownFileType = file.storyboard; name = Base; path = Base.lproj/LaunchScreen.storyboard; sourceTree = "<group>"; };
		831224B6233B46240028EF14 /* LightContentNavigationController.swift */ = {isa = PBXFileReference; lastKnownFileType = sourcecode.swift; path = LightContentNavigationController.swift; sourceTree = "<group>"; };
		831224B9233B49070028EF14 /* Intercom.framework */ = {isa = PBXFileReference; lastKnownFileType = wrapper.framework; name = Intercom.framework; path = Carthage/Build/iOS/Intercom.framework; sourceTree = "<group>"; };
		831224CD233B49450028EF14 /* ICBugTest without IC.app */ = {isa = PBXFileReference; explicitFileType = wrapper.application; includeInIndex = 0; path = "ICBugTest without IC.app"; sourceTree = BUILT_PRODUCTS_DIR; };
		831224CF233B4A180028EF14 /* ICBugTestWithICInfo.plist */ = {isa = PBXFileReference; lastKnownFileType = text.plist.xml; path = ICBugTestWithICInfo.plist; sourceTree = "<group>"; };
		831224D0233B4A1F0028EF14 /* ICBugTestWithoutICInfo.plist */ = {isa = PBXFileReference; lastKnownFileType = text.plist.xml; path = ICBugTestWithoutICInfo.plist; sourceTree = "<group>"; };
/* End PBXFileReference section */

/* Begin PBXFrameworksBuildPhase section */
		8312249C233B43640028EF14 /* Frameworks */ = {
			isa = PBXFrameworksBuildPhase;
			buildActionMask = 2147483647;
			files = (
				831224BA233B49070028EF14 /* Intercom.framework in Frameworks */,
			);
			runOnlyForDeploymentPostprocessing = 0;
		};
		831224C2233B49450028EF14 /* Frameworks */ = {
			isa = PBXFrameworksBuildPhase;
			buildActionMask = 2147483647;
			files = (
			);
			runOnlyForDeploymentPostprocessing = 0;
		};
/* End PBXFrameworksBuildPhase section */

/* Begin PBXGroup section */
		83122496233B43640028EF14 = {
			isa = PBXGroup;
			children = (
				831224A1233B43640028EF14 /* ICBugTest */,
				831224A0233B43640028EF14 /* Products */,
				831224B8233B49070028EF14 /* Frameworks */,
			);
			sourceTree = "<group>";
		};
		831224A0233B43640028EF14 /* Products */ = {
			isa = PBXGroup;
			children = (
				8312249F233B43640028EF14 /* ICBugTest with IC.app */,
				831224CD233B49450028EF14 /* ICBugTest without IC.app */,
			);
			name = Products;
			sourceTree = "<group>";
		};
		831224A1233B43640028EF14 /* ICBugTest */ = {
			isa = PBXGroup;
			children = (
				831224A2233B43640028EF14 /* AppDelegate.swift */,
				831224A6233B43640028EF14 /* ViewController.swift */,
				831224A8233B43640028EF14 /* Main.storyboard */,
				831224AB233B43650028EF14 /* Assets.xcassets */,
				831224AD233B43650028EF14 /* LaunchScreen.storyboard */,
				831224B6233B46240028EF14 /* LightContentNavigationController.swift */,
				831224CF233B4A180028EF14 /* ICBugTestWithICInfo.plist */,
				831224D0233B4A1F0028EF14 /* ICBugTestWithoutICInfo.plist */,
			);
			path = ICBugTest;
			sourceTree = "<group>";
		};
		831224B8233B49070028EF14 /* Frameworks */ = {
			isa = PBXGroup;
			children = (
				831224B9233B49070028EF14 /* Intercom.framework */,
			);
			name = Frameworks;
			sourceTree = "<group>";
		};
/* End PBXGroup section */

/* Begin PBXNativeTarget section */
		8312249E233B43640028EF14 /* ICBugTest with IC */ = {
			isa = PBXNativeTarget;
			buildConfigurationList = 831224B3233B43650028EF14 /* Build configuration list for PBXNativeTarget "ICBugTest with IC" */;
			buildPhases = (
				8312249B233B43640028EF14 /* Sources */,
				8312249C233B43640028EF14 /* Frameworks */,
				8312249D233B43640028EF14 /* Resources */,
				831224BC233B49070028EF14 /* Embed Frameworks */,
			);
			buildRules = (
			);
			dependencies = (
			);
			name = "ICBugTest with IC";
			productName = ICBugTest;
			productReference = 8312249F233B43640028EF14 /* ICBugTest with IC.app */;
			productType = "com.apple.product-type.application";
		};
		831224BD233B49450028EF14 /* ICBugTest without IC */ = {
			isa = PBXNativeTarget;
			buildConfigurationList = 831224CA233B49450028EF14 /* Build configuration list for PBXNativeTarget "ICBugTest without IC" */;
			buildPhases = (
				831224BE233B49450028EF14 /* Sources */,
				831224C2233B49450028EF14 /* Frameworks */,
				831224C4233B49450028EF14 /* Resources */,
			);
			buildRules = (
			);
			dependencies = (
			);
			name = "ICBugTest without IC";
			productName = ICBugTest;
			productReference = 831224CD233B49450028EF14 /* ICBugTest without IC.app */;
			productType = "com.apple.product-type.application";
		};
/* End PBXNativeTarget section */

/* Begin PBXProject section */
		83122497233B43640028EF14 /* Project object */ = {
			isa = PBXProject;
			attributes = {
				LastSwiftUpdateCheck = 1100;
				LastUpgradeCheck = 1100;
				ORGANIZATIONNAME = "Eivind Rannem Bohler";
				TargetAttributes = {
					8312249E233B43640028EF14 = {
						CreatedOnToolsVersion = 11.0;
					};
				};
			};
			buildConfigurationList = 8312249A233B43640028EF14 /* Build configuration list for PBXProject "ICBugTest" */;
			compatibilityVersion = "Xcode 9.3";
			developmentRegion = en;
			hasScannedForEncodings = 0;
			knownRegions = (
				en,
				Base,
			);
			mainGroup = 83122496233B43640028EF14;
			productRefGroup = 831224A0233B43640028EF14 /* Products */;
			projectDirPath = "";
			projectRoot = "";
			targets = (
				8312249E233B43640028EF14 /* ICBugTest with IC */,
				831224BD233B49450028EF14 /* ICBugTest without IC */,
			);
		};
/* End PBXProject section */

/* Begin PBXResourcesBuildPhase section */
		8312249D233B43640028EF14 /* Resources */ = {
			isa = PBXResourcesBuildPhase;
			buildActionMask = 2147483647;
			files = (
				831224AF233B43650028EF14 /* LaunchScreen.storyboard in Resources */,
				831224AC233B43650028EF14 /* Assets.xcassets in Resources */,
				831224AA233B43640028EF14 /* Main.storyboard in Resources */,
			);
			runOnlyForDeploymentPostprocessing = 0;
		};
		831224C4233B49450028EF14 /* Resources */ = {
			isa = PBXResourcesBuildPhase;
			buildActionMask = 2147483647;
			files = (
				831224C5233B49450028EF14 /* LaunchScreen.storyboard in Resources */,
				831224C6233B49450028EF14 /* Assets.xcassets in Resources */,
				831224C7233B49450028EF14 /* Main.storyboard in Resources */,
			);
			runOnlyForDeploymentPostprocessing = 0;
		};
/* End PBXResourcesBuildPhase section */

/* Begin PBXSourcesBuildPhase section */
		8312249B233B43640028EF14 /* Sources */ = {
			isa = PBXSourcesBuildPhase;
			buildActionMask = 2147483647;
			files = (
				831224A7233B43640028EF14 /* ViewController.swift in Sources */,
				831224B7233B46240028EF14 /* LightContentNavigationController.swift in Sources */,
				831224A3233B43640028EF14 /* AppDelegate.swift in Sources */,
			);
			runOnlyForDeploymentPostprocessing = 0;
		};
		831224BE233B49450028EF14 /* Sources */ = {
			isa = PBXSourcesBuildPhase;
			buildActionMask = 2147483647;
			files = (
				831224BF233B49450028EF14 /* ViewController.swift in Sources */,
				831224C0233B49450028EF14 /* LightContentNavigationController.swift in Sources */,
				831224C1233B49450028EF14 /* AppDelegate.swift in Sources */,
			);
			runOnlyForDeploymentPostprocessing = 0;
		};
/* End PBXSourcesBuildPhase section */

/* Begin PBXVariantGroup section */
		831224A8233B43640028EF14 /* Main.storyboard */ = {
			isa = PBXVariantGroup;
			children = (
				831224A9233B43640028EF14 /* Base */,
			);
			name = Main.storyboard;
			sourceTree = "<group>";
		};
		831224AD233B43650028EF14 /* LaunchScreen.storyboard */ = {
			isa = PBXVariantGroup;
			children = (
				831224AE233B43650028EF14 /* Base */,
			);
			name = LaunchScreen.storyboard;
			sourceTree = "<group>";
		};
/* End PBXVariantGroup section */

/* Begin XCBuildConfiguration section */
		831224B1233B43650028EF14 /* Debug */ = {
			isa = XCBuildConfiguration;
			buildSettings = {
				ALWAYS_SEARCH_USER_PATHS = NO;
				CLANG_ANALYZER_NONNULL = YES;
				CLANG_ANALYZER_NUMBER_OBJECT_CONVERSION = YES_AGGRESSIVE;
				CLANG_CXX_LANGUAGE_STANDARD = "gnu++14";
				CLANG_CXX_LIBRARY = "libc++";
				CLANG_ENABLE_MODULES = YES;
				CLANG_ENABLE_OBJC_ARC = YES;
				CLANG_ENABLE_OBJC_WEAK = YES;
				CLANG_WARN_BLOCK_CAPTURE_AUTORELEASING = YES;
				CLANG_WARN_BOOL_CONVERSION = YES;
				CLANG_WARN_COMMA = YES;
				CLANG_WARN_CONSTANT_CONVERSION = YES;
				CLANG_WARN_DEPRECATED_OBJC_IMPLEMENTATIONS = YES;
				CLANG_WARN_DIRECT_OBJC_ISA_USAGE = YES_ERROR;
				CLANG_WARN_DOCUMENTATION_COMMENTS = YES;
				CLANG_WARN_EMPTY_BODY = YES;
				CLANG_WARN_ENUM_CONVERSION = YES;
				CLANG_WARN_INFINITE_RECURSION = YES;
				CLANG_WARN_INT_CONVERSION = YES;
				CLANG_WARN_NON_LITERAL_NULL_CONVERSION = YES;
				CLANG_WARN_OBJC_IMPLICIT_RETAIN_SELF = YES;
				CLANG_WARN_OBJC_LITERAL_CONVERSION = YES;
				CLANG_WARN_OBJC_ROOT_CLASS = YES_ERROR;
				CLANG_WARN_RANGE_LOOP_ANALYSIS = YES;
				CLANG_WARN_STRICT_PROTOTYPES = YES;
				CLANG_WARN_SUSPICIOUS_MOVE = YES;
				CLANG_WARN_UNGUARDED_AVAILABILITY = YES_AGGRESSIVE;
				CLANG_WARN_UNREACHABLE_CODE = YES;
				CLANG_WARN__DUPLICATE_METHOD_MATCH = YES;
				COPY_PHASE_STRIP = NO;
				DEBUG_INFORMATION_FORMAT = dwarf;
				ENABLE_STRICT_OBJC_MSGSEND = YES;
				ENABLE_TESTABILITY = YES;
				GCC_C_LANGUAGE_STANDARD = gnu11;
				GCC_DYNAMIC_NO_PIC = NO;
				GCC_NO_COMMON_BLOCKS = YES;
				GCC_OPTIMIZATION_LEVEL = 0;
				GCC_PREPROCESSOR_DEFINITIONS = (
					"DEBUG=1",
					"$(inherited)",
				);
				GCC_WARN_64_TO_32_BIT_CONVERSION = YES;
				GCC_WARN_ABOUT_RETURN_TYPE = YES_ERROR;
				GCC_WARN_UNDECLARED_SELECTOR = YES;
				GCC_WARN_UNINITIALIZED_AUTOS = YES_AGGRESSIVE;
				GCC_WARN_UNUSED_FUNCTION = YES;
				GCC_WARN_UNUSED_VARIABLE = YES;
				IPHONEOS_DEPLOYMENT_TARGET = 13.0;
				MTL_ENABLE_DEBUG_INFO = INCLUDE_SOURCE;
				MTL_FAST_MATH = YES;
				ONLY_ACTIVE_ARCH = YES;
				SDKROOT = iphoneos;
				SWIFT_ACTIVE_COMPILATION_CONDITIONS = DEBUG;
				SWIFT_OPTIMIZATION_LEVEL = "-Onone";
			};
			name = Debug;
		};
		831224B2233B43650028EF14 /* Release */ = {
			isa = XCBuildConfiguration;
			buildSettings = {
				ALWAYS_SEARCH_USER_PATHS = NO;
				CLANG_ANALYZER_NONNULL = YES;
				CLANG_ANALYZER_NUMBER_OBJECT_CONVERSION = YES_AGGRESSIVE;
				CLANG_CXX_LANGUAGE_STANDARD = "gnu++14";
				CLANG_CXX_LIBRARY = "libc++";
				CLANG_ENABLE_MODULES = YES;
				CLANG_ENABLE_OBJC_ARC = YES;
				CLANG_ENABLE_OBJC_WEAK = YES;
				CLANG_WARN_BLOCK_CAPTURE_AUTORELEASING = YES;
				CLANG_WARN_BOOL_CONVERSION = YES;
				CLANG_WARN_COMMA = YES;
				CLANG_WARN_CONSTANT_CONVERSION = YES;
				CLANG_WARN_DEPRECATED_OBJC_IMPLEMENTATIONS = YES;
				CLANG_WARN_DIRECT_OBJC_ISA_USAGE = YES_ERROR;
				CLANG_WARN_DOCUMENTATION_COMMENTS = YES;
				CLANG_WARN_EMPTY_BODY = YES;
				CLANG_WARN_ENUM_CONVERSION = YES;
				CLANG_WARN_INFINITE_RECURSION = YES;
				CLANG_WARN_INT_CONVERSION = YES;
				CLANG_WARN_NON_LITERAL_NULL_CONVERSION = YES;
				CLANG_WARN_OBJC_IMPLICIT_RETAIN_SELF = YES;
				CLANG_WARN_OBJC_LITERAL_CONVERSION = YES;
				CLANG_WARN_OBJC_ROOT_CLASS = YES_ERROR;
				CLANG_WARN_RANGE_LOOP_ANALYSIS = YES;
				CLANG_WARN_STRICT_PROTOTYPES = YES;
				CLANG_WARN_SUSPICIOUS_MOVE = YES;
				CLANG_WARN_UNGUARDED_AVAILABILITY = YES_AGGRESSIVE;
				CLANG_WARN_UNREACHABLE_CODE = YES;
				CLANG_WARN__DUPLICATE_METHOD_MATCH = YES;
				COPY_PHASE_STRIP = NO;
				DEBUG_INFORMATION_FORMAT = "dwarf-with-dsym";
				ENABLE_NS_ASSERTIONS = NO;
				ENABLE_STRICT_OBJC_MSGSEND = YES;
				GCC_C_LANGUAGE_STANDARD = gnu11;
				GCC_NO_COMMON_BLOCKS = YES;
				GCC_WARN_64_TO_32_BIT_CONVERSION = YES;
				GCC_WARN_ABOUT_RETURN_TYPE = YES_ERROR;
				GCC_WARN_UNDECLARED_SELECTOR = YES;
				GCC_WARN_UNINITIALIZED_AUTOS = YES_AGGRESSIVE;
				GCC_WARN_UNUSED_FUNCTION = YES;
				GCC_WARN_UNUSED_VARIABLE = YES;
				IPHONEOS_DEPLOYMENT_TARGET = 13.0;
				MTL_ENABLE_DEBUG_INFO = NO;
				MTL_FAST_MATH = YES;
				SDKROOT = iphoneos;
				SWIFT_COMPILATION_MODE = wholemodule;
				SWIFT_OPTIMIZATION_LEVEL = "-O";
				VALIDATE_PRODUCT = YES;
			};
			name = Release;
		};
		831224B4233B43650028EF14 /* Debug */ = {
			isa = XCBuildConfiguration;
			buildSettings = {
				ASSETCATALOG_COMPILER_APPICON_NAME = AppIcon;
				CODE_SIGN_STYLE = Automatic;
				DEVELOPMENT_TEAM = VC7L8YK76P;
				FRAMEWORK_SEARCH_PATHS = (
					"$(inherited)",
					"$(PROJECT_DIR)/Carthage/Build/iOS",
				);
				INFOPLIST_FILE = ICBugTest/ICBugTestWithICInfo.plist;
				IPHONEOS_DEPLOYMENT_TARGET = 12.0;
				LD_RUNPATH_SEARCH_PATHS = (
					"$(inherited)",
					"@executable_path/Frameworks",
				);
				PRODUCT_BUNDLE_IDENTIFIER = com.eivindbohler.ICBugTestIC;
				PRODUCT_MODULE_NAME = ICBugTest;
				PRODUCT_NAME = "$(TARGET_NAME)";
				SWIFT_VERSION = 5.0;
				TARGETED_DEVICE_FAMILY = "1,2";
				VALID_ARCHS = "arm64 arm64e";
			};
			name = Debug;
		};
		831224B5233B43650028EF14 /* Release */ = {
			isa = XCBuildConfiguration;
			buildSettings = {
				ASSETCATALOG_COMPILER_APPICON_NAME = AppIcon;
				CODE_SIGN_STYLE = Automatic;
				DEVELOPMENT_TEAM = VC7L8YK76P;
				FRAMEWORK_SEARCH_PATHS = (
					"$(inherited)",
					"$(PROJECT_DIR)/Carthage/Build/iOS",
				);
				INFOPLIST_FILE = ICBugTest/ICBugTestWithICInfo.plist;
				IPHONEOS_DEPLOYMENT_TARGET = 12.0;
				LD_RUNPATH_SEARCH_PATHS = (
					"$(inherited)",
					"@executable_path/Frameworks",
				);
				PRODUCT_BUNDLE_IDENTIFIER = com.eivindbohler.ICBugTestIC;
				PRODUCT_MODULE_NAME = ICBugTest;
				PRODUCT_NAME = "$(TARGET_NAME)";
				SWIFT_VERSION = 5.0;
				TARGETED_DEVICE_FAMILY = "1,2";
				VALID_ARCHS = "arm64 arm64e";
			};
			name = Release;
		};
		831224CB233B49450028EF14 /* Debug */ = {
			isa = XCBuildConfiguration;
			buildSettings = {
				ASSETCATALOG_COMPILER_APPICON_NAME = AppIcon;
				CODE_SIGN_STYLE = Automatic;
				DEVELOPMENT_TEAM = VC7L8YK76P;
				FRAMEWORK_SEARCH_PATHS = (
					"$(inherited)",
					"$(PROJECT_DIR)/Carthage/Build/iOS",
				);
				INFOPLIST_FILE = ICBugTest/ICBugTestWithoutICInfo.plist;
				IPHONEOS_DEPLOYMENT_TARGET = 12.0;
				LD_RUNPATH_SEARCH_PATHS = (
					"$(inherited)",
					"@executable_path/Frameworks",
				);
				PRODUCT_BUNDLE_IDENTIFIER = com.eivindbohler.ICBugTest;
				PRODUCT_MODULE_NAME = ICBugTest;
				PRODUCT_NAME = "$(TARGET_NAME)";
				SWIFT_VERSION = 5.0;
				TARGETED_DEVICE_FAMILY = "1,2";
				VALID_ARCHS = "arm64 arm64e";
			};
			name = Debug;
		};
		831224CC233B49450028EF14 /* Release */ = {
			isa = XCBuildConfiguration;
			buildSettings = {
				ASSETCATALOG_COMPILER_APPICON_NAME = AppIcon;
				CODE_SIGN_STYLE = Automatic;
				DEVELOPMENT_TEAM = VC7L8YK76P;
				FRAMEWORK_SEARCH_PATHS = (
					"$(inherited)",
					"$(PROJECT_DIR)/Carthage/Build/iOS",
				);
				INFOPLIST_FILE = ICBugTest/ICBugTestWithoutICInfo.plist;
				IPHONEOS_DEPLOYMENT_TARGET = 12.0;
				LD_RUNPATH_SEARCH_PATHS = (
					"$(inherited)",
					"@executable_path/Frameworks",
				);
				PRODUCT_BUNDLE_IDENTIFIER = com.eivindbohler.ICBugTest;
				PRODUCT_MODULE_NAME = ICBugTest;
				PRODUCT_NAME = "$(TARGET_NAME)";
				SWIFT_VERSION = 5.0;
				TARGETED_DEVICE_FAMILY = "1,2";
				VALID_ARCHS = "arm64 arm64e";
			};
			name = Release;
		};
/* End XCBuildConfiguration section */

/* Begin XCConfigurationList section */
		8312249A233B43640028EF14 /* Build configuration list for PBXProject "ICBugTest" */ = {
			isa = XCConfigurationList;
			buildConfigurations = (
				831224B1233B43650028EF14 /* Debug */,
				831224B2233B43650028EF14 /* Release */,
			);
			defaultConfigurationIsVisible = 0;
			defaultConfigurationName = Release;
		};
		831224B3233B43650028EF14 /* Build configuration list for PBXNativeTarget "ICBugTest with IC" */ = {
			isa = XCConfigurationList;
			buildConfigurations = (
				831224B4233B43650028EF14 /* Debug */,
				831224B5233B43650028EF14 /* Release */,
			);
			defaultConfigurationIsVisible = 0;
			defaultConfigurationName = Release;
		};
		831224CA233B49450028EF14 /* Build configuration list for PBXNativeTarget "ICBugTest without IC" */ = {
			isa = XCConfigurationList;
			buildConfigurations = (
				831224CB233B49450028EF14 /* Debug */,
				831224CC233B49450028EF14 /* Release */,
			);
			defaultConfigurationIsVisible = 0;
			defaultConfigurationName = Release;
		};
/* End XCConfigurationList section */
	};
	rootObject = 83122497233B43640028EF14 /* Project object */;
}
